
Microsoft Visual Studio Solution File, Format Version 12.00
# Visual Studio Version 17
VisualStudioVersion = 17.14.36623.8
MinimumVisualStudioVersion = 10.0.40219.1
Project("{2150E333-8FDC-42A3-9474-1A3956D46DE8}") = "Tyuiu.GetsMA.Sprint0.Task29", "Tyuiu.GetsMA.Sprint0.Task29", "{36D591C7-65C7-A0D1-1CBC-10CDE441BDC8}"
EndProject
Project("{FAE04EC0-301F-11D3-BF4B-00C04F79EFBC}") = "Tyuiu.GetsMA.Sprint1.Task0.V29", "Tyuiu.GetsMA.Sprint0.Task29.V0\Tyuiu.GetsMA.Sprint1.Task0.V29.csproj", "{5B1A3E8E-5BFE-4166-90A6-B8B272B9E605}"
EndProject
Project("{FAE04EC0-301F-11D3-BF4B-00C04F79EFBC}") = "Tyuiu.GetsMA.Sprint1.Task0.V29.Lib", "Tyuiu.GetsMA.Sprint0.Task29.Lib\Tyuiu.GetsMA.Sprint1.Task0.V29.Lib.csproj", "{EAB8B033-D7FF-4984-8BB9-8645BEDD6C88}"
EndProject
Project("{FAE04EC0-301F-11D3-BF4B-00C04F79EFBC}") = "Tyuiu.GetsMA.Sprint1.Task0.V29.Test", "Tyuiu.GetsMA.Sprint0.Task29.V0.Test\Tyuiu.GetsMA.Sprint1.Task0.V29.Test.csproj", "{F3C71E20-69DE-45C8-BF22-671A82C3832B}"
EndProject
Global
	GlobalSection(SolutionConfigurationPlatforms) = preSolution
		Debug|Any CPU = Debug|Any CPU
		Release|Any CPU = Release|Any CPU
	EndGlobalSection
	GlobalSection(ProjectConfigurationPlatforms) = postSolution
		{5B1A3E8E-5BFE-4166-90A6-B8B272B9E605}.Debug|Any CPU.ActiveCfg = Debug|Any CPU
		{5B1A3E8E-5BFE-4166-90A6-B8B272B9E605}.Debug|Any CPU.Build.0 = Debug|Any CPU
		{5B1A3E8E-5BFE-4166-90A6-B8B272B9E605}.Release|Any CPU.ActiveCfg = Release|Any CPU
		{5B1A3E8E-5BFE-4166-90A6-B8B272B9E605}.Release|Any CPU.Build.0 = Release|Any CPU
		{EAB8B033-D7FF-4984-8BB9-8645BEDD6C88}.Debug|Any CPU.ActiveCfg = Debug|Any CPU
		{EAB8B033-D7FF-4984-8BB9-8645BEDD6C88}.Debug|Any CPU.Build.0 = Debug|Any CPU
		{EAB8B033-D7FF-4984-8BB9-8645BEDD6C88}.Release|Any CPU.ActiveCfg = Release|Any CPU
		{EAB8B033-D7FF-4984-8BB9-8645BEDD6C88}.Release|Any CPU.Build.0 = Release|Any CPU
		{F3C71E20-69DE-45C8-BF22-671A82C3832B}.Debug|Any CPU.ActiveCfg = Debug|Any CPU
		{F3C71E20-69DE-45C8-BF22-671A82C3832B}.Debug|Any CPU.Build.0 = Debug|Any CPU
		{F3C71E20-69DE-45C8-BF22-671A82C3832B}.Release|Any CPU.ActiveCfg = Release|Any CPU
		{F3C71E20-69DE-45C8-BF22-671A82C3832B}.Release|Any CPU.Build.0 = Release|Any CPU
	EndGlobalSection
	GlobalSection(SolutionProperties) = preSolution
		HideSolutionNode = FALSE
	EndGlobalSection
	GlobalSection(NestedProjects) = preSolution
		{5B1A3E8E-5BFE-4166-90A6-B8B272B9E605} = {36D591C7-65C7-A0D1-1CBC-10CDE441BDC8}
		{EAB8B033-D7FF-4984-8BB9-8645BEDD6C88} = {36D591C7-65C7-A0D1-1CBC-10CDE441BDC8}
		{F3C71E20-69DE-45C8-BF22-671A82C3832B} = {36D591C7-65C7-A0D1-1CBC-10CDE441BDC8}
	EndGlobalSection
	GlobalSection(ExtensibilityGlobals) = postSolution
		SolutionGuid = {1E44BB8D-4C2B-4641-A681-F2CF5E30EBCB}
	EndGlobalSection
EndGlobal
