<Solution>
  <Project Path="Tyuiu.GetsMA.Sprint1.Task7.V19.Lib/Tyuiu.GetsMA.Sprint1.Task7.V19.Lib.csproj" Id="4b81cbb7-f4e2-4fde-b31b-de2448d49510" />
  <Project Path="Tyuiu.GetsMA.Sprint1.Task7.V19.Test/Tyuiu.GetsMA.Sprint1.Task7.V19.Test.csproj" />
  <Project Path="Tyuiu.GetsMA.Sprint1.Task7.V19/Tyuiu.GetsMA.Sprint1.Task7.V19.csproj" />
</Solution>
